// !$*UTF8*$!
{
	archiveVersion = 1;
	classes = {
	};
	objectVersion = 56;
	objects = {

/* Begin PBXBuildFile section */
		5269E8E829FACCC0001D92B4 /* AppDelegate.swift in Sources */ = {isa = PBXBuildFile; fileRef = 5269E8E729FACCC0001D92B4 /* AppDelegate.swift */; };
		5269E8EA29FACCC0001D92B4 /* SceneDelegate.swift in Sources */ = {isa = PBXBuildFile; fileRef = 5269E8E929FACCC0001D92B4 /* SceneDelegate.swift */; };
		5269E8EC29FACCC0001D92B4 /* MainViewController.swift in Sources */ = {isa = PBXBuildFile; fileRef = 5269E8EB29FACCC0001D92B4 /* MainViewController.swift */; };
		5269E8EF29FACCC0001D92B4 /* Main.storyboard in Resources */ = {isa = PBXBuildFile; fileRef = 5269E8ED29FACCC0001D92B4 /* Main.storyboard */; };
		5269E8F129FACCC1001D92B4 /* Assets.xcassets in Resources */ = {isa = PBXBuildFile; fileRef = 5269E8F029FACCC1001D92B4 /* Assets.xcassets */; };
		5269E8F429FACCC1001D92B4 /* LaunchScreen.storyboard in Resources */ = {isa = PBXBuildFile; fileRef = 5269E8F229FACCC1001D92B4 /* LaunchScreen.storyboard */; };
		52CD526529FBF61300C79D5F /* HomeViewController.swift in Sources */ = {isa = PBXBuildFile; fileRef = 52CD526429FBF61300C79D5F /* HomeViewController.swift */; };
		52CD526729FBF61E00C79D5F /* SearchViewController.swift in Sources */ = {isa = PBXBuildFile; fileRef = 52CD526629FBF61E00C79D5F /* SearchViewController.swift */; };
		52CD526929FBF62400C79D5F /* BasketViewController.swift in Sources */ = {isa = PBXBuildFile; fileRef = 52CD526829FBF62400C79D5F /* BasketViewController.swift */; };
		52CD526B29FBF63200C79D5F /* PersonViewController.swift in Sources */ = {isa = PBXBuildFile; fileRef = 52CD526A29FBF63200C79D5F /* PersonViewController.swift */; };
		52CD526D29FBF63C00C79D5F /* NotificationViewController.swift in Sources */ = {isa = PBXBuildFile; fileRef = 52CD526C29FBF63C00C79D5F /* NotificationViewController.swift */; };
		52CD526F29FC12F200C79D5F /* HomeVC+CollectionView.swift in Sources */ = {isa = PBXBuildFile; fileRef = 52CD526E29FC12F100C79D5F /* HomeVC+CollectionView.swift */; };
		52CE34DD2A1A291500EFE42E /* SnapKit in Frameworks */ = {isa = PBXBuildFile; productRef = 52CE34DC2A1A291500EFE42E /* SnapKit */; };
		52CE34E02A1A2C4F00EFE42E /* CategoryCollectionViewCell.swift in Sources */ = {isa = PBXBuildFile; fileRef = 52CE34DF2A1A2C4F00EFE42E /* CategoryCollectionViewCell.swift */; };
		52CE34E52A1A598E00EFE42E /* ShoesModel.swift in Sources */ = {isa = PBXBuildFile; fileRef = 52CE34E42A1A598E00EFE42E /* ShoesModel.swift */; };
		52CE34E82A1A5B5F00EFE42E /* NetworkConstant.swift in Sources */ = {isa = PBXBuildFile; fileRef = 52CE34E72A1A5B5F00EFE42E /* NetworkConstant.swift */; };
		52CE34EA2A1A7A3900EFE42E /* APICaller.swift in Sources */ = {isa = PBXBuildFile; fileRef = 52CE34E92A1A7A3900EFE42E /* APICaller.swift */; };
/* End PBXBuildFile section */

/* Begin PBXFileReference section */
		5269E8E429FACCC0001D92B4 /* NineWest.app */ = {isa = PBXFileReference; explicitFileType = wrapper.application; includeInIndex = 0; path = NineWest.app; sourceTree = BUILT_PRODUCTS_DIR; };
		5269E8E729FACCC0001D92B4 /* AppDelegate.swift */ = {isa = PBXFileReference; lastKnownFileType = sourcecode.swift; path = AppDelegate.swift; sourceTree = "<group>"; };
		5269E8E929FACCC0001D92B4 /* SceneDelegate.swift */ = {isa = PBXFileReference; lastKnownFileType = sourcecode.swift; path = SceneDelegate.swift; sourceTree = "<group>"; };
		5269E8EB29FACCC0001D92B4 /* MainViewController.swift */ = {isa = PBXFileReference; lastKnownFileType = sourcecode.swift; path = MainViewController.swift; sourceTree = "<group>"; };
		5269E8EE29FACCC0001D92B4 /* Base */ = {isa = PBXFileReference; lastKnownFileType = file.storyboard; name = Base; path = Base.lproj/Main.storyboard; sourceTree = "<group>"; };
		5269E8F029FACCC1001D92B4 /* Assets.xcassets */ = {isa = PBXFileReference; lastKnownFileType = folder.assetcatalog; path = Assets.xcassets; sourceTree = "<group>"; };
		5269E8F329FACCC1001D92B4 /* Base */ = {isa = PBXFileReference; lastKnownFileType = file.storyboard; name = Base; path = Base.lproj/LaunchScreen.storyboard; sourceTree = "<group>"; };
		5269E8F529FACCC1001D92B4 /* Info.plist */ = {isa = PBXFileReference; lastKnownFileType = text.plist.xml; path = Info.plist; sourceTree = "<group>"; };
		52CD526429FBF61300C79D5F /* HomeViewController.swift */ = {isa = PBXFileReference; lastKnownFileType = sourcecode.swift; path = HomeViewController.swift; sourceTree = "<group>"; };
		52CD526629FBF61E00C79D5F /* SearchViewController.swift */ = {isa = PBXFileReference; lastKnownFileType = sourcecode.swift; path = SearchViewController.swift; sourceTree = "<group>"; };
		52CD526829FBF62400C79D5F /* BasketViewController.swift */ = {isa = PBXFileReference; lastKnownFileType = sourcecode.swift; path = BasketViewController.swift; sourceTree = "<group>"; };
		52CD526A29FBF63200C79D5F /* PersonViewController.swift */ = {isa = PBXFileReference; lastKnownFileType = sourcecode.swift; path = PersonViewController.swift; sourceTree = "<group>"; };
		52CD526C29FBF63C00C79D5F /* NotificationViewController.swift */ = {isa = PBXFileReference; lastKnownFileType = sourcecode.swift; path = NotificationViewController.swift; sourceTree = "<group>"; };
		52CD526E29FC12F100C79D5F /* HomeVC+CollectionView.swift */ = {isa = PBXFileReference; lastKnownFileType = sourcecode.swift; path = "HomeVC+CollectionView.swift"; sourceTree = "<group>"; };
		52CE34DF2A1A2C4F00EFE42E /* CategoryCollectionViewCell.swift */ = {isa = PBXFileReference; lastKnownFileType = sourcecode.swift; path = CategoryCollectionViewCell.swift; sourceTree = "<group>"; };
		52CE34E42A1A598E00EFE42E /* ShoesModel.swift */ = {isa = PBXFileReference; lastKnownFileType = sourcecode.swift; path = ShoesModel.swift; sourceTree = "<group>"; };
		52CE34E72A1A5B5F00EFE42E /* NetworkConstant.swift */ = {isa = PBXFileReference; lastKnownFileType = sourcecode.swift; path = NetworkConstant.swift; sourceTree = "<group>"; };
		52CE34E92A1A7A3900EFE42E /* APICaller.swift */ = {isa = PBXFileReference; lastKnownFileType = sourcecode.swift; path = APICaller.swift; sourceTree = "<group>"; };
/* End PBXFileReference section */

/* Begin PBXFrameworksBuildPhase section */
		5269E8E129FACCC0001D92B4 /* Frameworks */ = {
			isa = PBXFrameworksBuildPhase;
			buildActionMask = 2147483647;
			files = (
				52CE34DD2A1A291500EFE42E /* SnapKit in Frameworks */,
			);
			runOnlyForDeploymentPostprocessing = 0;
		};
/* End PBXFrameworksBuildPhase section */

/* Begin PBXGroup section */
		5269E8DB29FACCC0001D92B4 = {
			isa = PBXGroup;
			children = (
				5269E8E629FACCC0001D92B4 /* NineWest */,
				5269E8E529FACCC0001D92B4 /* Products */,
			);
			sourceTree = "<group>";
		};
		5269E8E529FACCC0001D92B4 /* Products */ = {
			isa = PBXGroup;
			children = (
				5269E8E429FACCC0001D92B4 /* NineWest.app */,
			);
			name = Products;
			sourceTree = "<group>";
		};
		5269E8E629FACCC0001D92B4 /* NineWest */ = {
			isa = PBXGroup;
			children = (
				52CE34E62A1A5B4700EFE42E /* NetworkConstant */,
				52CE34E32A1A598200EFE42E /* Model */,
				52CE34E12A1A556400EFE42E /* Controllers */,
				5269E8E729FACCC0001D92B4 /* AppDelegate.swift */,
				5269E8E929FACCC0001D92B4 /* SceneDelegate.swift */,
				5269E8F029FACCC1001D92B4 /* Assets.xcassets */,
				5269E8F229FACCC1001D92B4 /* LaunchScreen.storyboard */,
				5269E8F529FACCC1001D92B4 /* Info.plist */,
			);
			path = NineWest;
			sourceTree = "<group>";
		};
		52CD525E29FBF58700C79D5F /* MainVC */ = {
			isa = PBXGroup;
			children = (
				5269E8EB29FACCC0001D92B4 /* MainViewController.swift */,
				5269E8ED29FACCC0001D92B4 /* Main.storyboard */,
			);
			path = MainVC;
			sourceTree = "<group>";
		};
		52CD525F29FBF5E600C79D5F /* HomeVC */ = {
			isa = PBXGroup;
			children = (
				52CE34DE2A1A2C3C00EFE42E /* CategoryCell */,
				52CD526429FBF61300C79D5F /* HomeViewController.swift */,
				52CD526E29FC12F100C79D5F /* HomeVC+CollectionView.swift */,
			);
			path = HomeVC;
			sourceTree = "<group>";
		};
		52CD526029FBF5EB00C79D5F /* SearchVC */ = {
			isa = PBXGroup;
			children = (
				52CD526629FBF61E00C79D5F /* SearchViewController.swift */,
			);
			path = SearchVC;
			sourceTree = "<group>";
		};
		52CD526129FBF5EF00C79D5F /* BasketVC */ = {
			isa = PBXGroup;
			children = (
				52CD526829FBF62400C79D5F /* BasketViewController.swift */,
			);
			path = BasketVC;
			sourceTree = "<group>";
		};
		52CD526229FBF5FC00C79D5F /* PersonVC */ = {
			isa = PBXGroup;
			children = (
				52CD526A29FBF63200C79D5F /* PersonViewController.swift */,
			);
			path = PersonVC;
			sourceTree = "<group>";
		};
		52CD526329FBF60100C79D5F /* NotificationVC */ = {
			isa = PBXGroup;
			children = (
				52CD526C29FBF63C00C79D5F /* NotificationViewController.swift */,
			);
			path = NotificationVC;
			sourceTree = "<group>";
		};
		52CE34DE2A1A2C3C00EFE42E /* CategoryCell */ = {
			isa = PBXGroup;
			children = (
				52CE34DF2A1A2C4F00EFE42E /* CategoryCollectionViewCell.swift */,
			);
			path = CategoryCell;
			sourceTree = "<group>";
		};
		52CE34E12A1A556400EFE42E /* Controllers */ = {
			isa = PBXGroup;
			children = (
				52CD526329FBF60100C79D5F /* NotificationVC */,
				52CD526229FBF5FC00C79D5F /* PersonVC */,
				52CD526129FBF5EF00C79D5F /* BasketVC */,
				52CD526029FBF5EB00C79D5F /* SearchVC */,
				52CD525F29FBF5E600C79D5F /* HomeVC */,
				52CD525E29FBF58700C79D5F /* MainVC */,
			);
			path = Controllers;
			sourceTree = "<group>";
		};
		52CE34E32A1A598200EFE42E /* Model */ = {
			isa = PBXGroup;
			children = (
				52CE34E42A1A598E00EFE42E /* ShoesModel.swift */,
			);
			path = Model;
			sourceTree = "<group>";
		};
		52CE34E62A1A5B4700EFE42E /* NetworkConstant */ = {
			isa = PBXGroup;
			children = (
				52CE34E72A1A5B5F00EFE42E /* NetworkConstant.swift */,
				52CE34E92A1A7A3900EFE42E /* APICaller.swift */,
			);
			path = NetworkConstant;
			sourceTree = "<group>";
		};
/* End PBXGroup section */

/* Begin PBXNativeTarget section */
		5269E8E329FACCC0001D92B4 /* NineWest */ = {
			isa = PBXNativeTarget;
			buildConfigurationList = 5269E8F829FACCC1001D92B4 /* Build configuration list for PBXNativeTarget "NineWest" */;
			buildPhases = (
				5269E8E029FACCC0001D92B4 /* Sources */,
				5269E8E129FACCC0001D92B4 /* Frameworks */,
				5269E8E229FACCC0001D92B4 /* Resources */,
			);
			buildRules = (
			);
			dependencies = (
			);
			name = NineWest;
			packageProductDependencies = (
				52CE34DC2A1A291500EFE42E /* SnapKit */,
			);
			productName = NineWest;
			productReference = 5269E8E429FACCC0001D92B4 /* NineWest.app */;
			productType = "com.apple.product-type.application";
		};
/* End PBXNativeTarget section */

/* Begin PBXProject section */
		5269E8DC29FACCC0001D92B4 /* Project object */ = {
			isa = PBXProject;
			attributes = {
				BuildIndependentTargetsInParallel = 1;
				LastSwiftUpdateCheck = 1430;
				LastUpgradeCheck = 1430;
				TargetAttributes = {
					5269E8E329FACCC0001D92B4 = {
						CreatedOnToolsVersion = 14.3;
					};
				};
			};
			buildConfigurationList = 5269E8DF29FACCC0001D92B4 /* Build configuration list for PBXProject "NineWest" */;
			compatibilityVersion = "Xcode 14.0";
			developmentRegion = en;
			hasScannedForEncodings = 0;
			knownRegions = (
				en,
				Base,
			);
			mainGroup = 5269E8DB29FACCC0001D92B4;
			packageReferences = (
				52CE34DB2A1A291500EFE42E /* XCRemoteSwiftPackageReference "SnapKit" */,
			);
			productRefGroup = 5269E8E529FACCC0001D92B4 /* Products */;
			projectDirPath = "";
			projectRoot = "";
			targets = (
				5269E8E329FACCC0001D92B4 /* NineWest */,
			);
		};
/* End PBXProject section */

/* Begin PBXResourcesBuildPhase section */
		5269E8E229FACCC0001D92B4 /* Resources */ = {
			isa = PBXResourcesBuildPhase;
			buildActionMask = 2147483647;
			files = (
				5269E8F429FACCC1001D92B4 /* LaunchScreen.storyboard in Resources */,
				5269E8F129FACCC1001D92B4 /* Assets.xcassets in Resources */,
				5269E8EF29FACCC0001D92B4 /* Main.storyboard in Resources */,
			);
			runOnlyForDeploymentPostprocessing = 0;
		};
/* End PBXResourcesBuildPhase section */

/* Begin PBXSourcesBuildPhase section */
		5269E8E029FACCC0001D92B4 /* Sources */ = {
			isa = PBXSourcesBuildPhase;
			buildActionMask = 2147483647;
			files = (
				52CD526929FBF62400C79D5F /* BasketViewController.swift in Sources */,
				52CD526729FBF61E00C79D5F /* SearchViewController.swift in Sources */,
				52CE34EA2A1A7A3900EFE42E /* APICaller.swift in Sources */,
				52CD526D29FBF63C00C79D5F /* NotificationViewController.swift in Sources */,
				5269E8EC29FACCC0001D92B4 /* MainViewController.swift in Sources */,
				52CE34E82A1A5B5F00EFE42E /* NetworkConstant.swift in Sources */,
				5269E8E829FACCC0001D92B4 /* AppDelegate.swift in Sources */,
				52CD526F29FC12F200C79D5F /* HomeVC+CollectionView.swift in Sources */,
				52CE34E02A1A2C4F00EFE42E /* CategoryCollectionViewCell.swift in Sources */,
				5269E8EA29FACCC0001D92B4 /* SceneDelegate.swift in Sources */,
				52CE34E52A1A598E00EFE42E /* ShoesModel.swift in Sources */,
				52CD526529FBF61300C79D5F /* HomeViewController.swift in Sources */,
				52CD526B29FBF63200C79D5F /* PersonViewController.swift in Sources */,
			);
			runOnlyForDeploymentPostprocessing = 0;
		};
/* End PBXSourcesBuildPhase section */

/* Begin PBXVariantGroup section */
		5269E8ED29FACCC0001D92B4 /* Main.storyboard */ = {
			isa = PBXVariantGroup;
			children = (
				5269E8EE29FACCC0001D92B4 /* Base */,
			);
			name = Main.storyboard;
			sourceTree = "<group>";
		};
		5269E8F229FACCC1001D92B4 /* LaunchScreen.storyboard */ = {
			isa = PBXVariantGroup;
			children = (
				5269E8F329FACCC1001D92B4 /* Base */,
			);
			name = LaunchScreen.storyboard;
			sourceTree = "<group>";
		};
/* End PBXVariantGroup section */

/* Begin XCBuildConfiguration section */
		5269E8F629FACCC1001D92B4 /* Debug */ = {
			isa = XCBuildConfiguration;
			buildSettings = {
				ALWAYS_SEARCH_USER_PATHS = NO;
				CLANG_ANALYZER_NONNULL = YES;
				CLANG_ANALYZER_NUMBER_OBJECT_CONVERSION = YES_AGGRESSIVE;
				CLANG_CXX_LANGUAGE_STANDARD = "gnu++20";
				CLANG_ENABLE_MODULES = YES;
				CLANG_ENABLE_OBJC_ARC = YES;
				CLANG_ENABLE_OBJC_WEAK = YES;
				CLANG_WARN_BLOCK_CAPTURE_AUTORELEASING = YES;
				CLANG_WARN_BOOL_CONVERSION = YES;
				CLANG_WARN_COMMA = YES;
				CLANG_WARN_CONSTANT_CONVERSION = YES;
				CLANG_WARN_DEPRECATED_OBJC_IMPLEMENTATIONS = YES;
				CLANG_WARN_DIRECT_OBJC_ISA_USAGE = YES_ERROR;
				CLANG_WARN_DOCUMENTATION_COMMENTS = YES;
				CLANG_WARN_EMPTY_BODY = YES;
				CLANG_WARN_ENUM_CONVERSION = YES;
				CLANG_WARN_INFINITE_RECURSION = YES;
				CLANG_WARN_INT_CONVERSION = YES;
				CLANG_WARN_NON_LITERAL_NULL_CONVERSION = YES;
				CLANG_WARN_OBJC_IMPLICIT_RETAIN_SELF = YES;
				CLANG_WARN_OBJC_LITERAL_CONVERSION = YES;
				CLANG_WARN_OBJC_ROOT_CLASS = YES_ERROR;
				CLANG_WARN_QUOTED_INCLUDE_IN_FRAMEWORK_HEADER = YES;
				CLANG_WARN_RANGE_LOOP_ANALYSIS = YES;
				CLANG_WARN_STRICT_PROTOTYPES = YES;
				CLANG_WARN_SUSPICIOUS_MOVE = YES;
				CLANG_WARN_UNGUARDED_AVAILABILITY = YES_AGGRESSIVE;
				CLANG_WARN_UNREACHABLE_CODE = YES;
				CLANG_WARN__DUPLICATE_METHOD_MATCH = YES;
				COPY_PHASE_STRIP = NO;
				DEBUG_INFORMATION_FORMAT = dwarf;
				ENABLE_STRICT_OBJC_MSGSEND = YES;
				ENABLE_TESTABILITY = YES;
				GCC_C_LANGUAGE_STANDARD = gnu11;
				GCC_DYNAMIC_NO_PIC = NO;
				GCC_NO_COMMON_BLOCKS = YES;
				GCC_OPTIMIZATION_LEVEL = 0;
				GCC_PREPROCESSOR_DEFINITIONS = (
					"DEBUG=1",
					"$(inherited)",
				);
				GCC_WARN_64_TO_32_BIT_CONVERSION = YES;
				GCC_WARN_ABOUT_RETURN_TYPE = YES_ERROR;
				GCC_WARN_UNDECLARED_SELECTOR = YES;
				GCC_WARN_UNINITIALIZED_AUTOS = YES_AGGRESSIVE;
				GCC_WARN_UNUSED_FUNCTION = YES;
				GCC_WARN_UNUSED_VARIABLE = YES;
				IPHONEOS_DEPLOYMENT_TARGET = 16.4;
				MTL_ENABLE_DEBUG_INFO = INCLUDE_SOURCE;
				MTL_FAST_MATH = YES;
				ONLY_ACTIVE_ARCH = YES;
				SDKROOT = iphoneos;
				SWIFT_ACTIVE_COMPILATION_CONDITIONS = DEBUG;
				SWIFT_OPTIMIZATION_LEVEL = "-Onone";
			};
			name = Debug;
		};
		5269E8F729FACCC1001D92B4 /* Release */ = {
			isa = XCBuildConfiguration;
			buildSettings = {
				ALWAYS_SEARCH_USER_PATHS = NO;
				CLANG_ANALYZER_NONNULL = YES;
				CLANG_ANALYZER_NUMBER_OBJECT_CONVERSION = YES_AGGRESSIVE;
				CLANG_CXX_LANGUAGE_STANDARD = "gnu++20";
				CLANG_ENABLE_MODULES = YES;
				CLANG_ENABLE_OBJC_ARC = YES;
				CLANG_ENABLE_OBJC_WEAK = YES;
				CLANG_WARN_BLOCK_CAPTURE_AUTORELEASING = YES;
				CLANG_WARN_BOOL_CONVERSION = YES;
				CLANG_WARN_COMMA = YES;
				CLANG_WARN_CONSTANT_CONVERSION = YES;
				CLANG_WARN_DEPRECATED_OBJC_IMPLEMENTATIONS = YES;
				CLANG_WARN_DIRECT_OBJC_ISA_USAGE = YES_ERROR;
				CLANG_WARN_DOCUMENTATION_COMMENTS = YES;
				CLANG_WARN_EMPTY_BODY = YES;
				CLANG_WARN_ENUM_CONVERSION = YES;
				CLANG_WARN_INFINITE_RECURSION = YES;
				CLANG_WARN_INT_CONVERSION = YES;
				CLANG_WARN_NON_LITERAL_NULL_CONVERSION = YES;
				CLANG_WARN_OBJC_IMPLICIT_RETAIN_SELF = YES;
				CLANG_WARN_OBJC_LITERAL_CONVERSION = YES;
				CLANG_WARN_OBJC_ROOT_CLASS = YES_ERROR;
				CLANG_WARN_QUOTED_INCLUDE_IN_FRAMEWORK_HEADER = YES;
				CLANG_WARN_RANGE_LOOP_ANALYSIS = YES;
				CLANG_WARN_STRICT_PROTOTYPES = YES;
				CLANG_WARN_SUSPICIOUS_MOVE = YES;
				CLANG_WARN_UNGUARDED_AVAILABILITY = YES_AGGRESSIVE;
				CLANG_WARN_UNREACHABLE_CODE = YES;
				CLANG_WARN__DUPLICATE_METHOD_MATCH = YES;
				COPY_PHASE_STRIP = NO;
				DEBUG_INFORMATION_FORMAT = "dwarf-with-dsym";
				ENABLE_NS_ASSERTIONS = NO;
				ENABLE_STRICT_OBJC_MSGSEND = YES;
				GCC_C_LANGUAGE_STANDARD = gnu11;
				GCC_NO_COMMON_BLOCKS = YES;
				GCC_WARN_64_TO_32_BIT_CONVERSION = YES;
				GCC_WARN_ABOUT_RETURN_TYPE = YES_ERROR;
				GCC_WARN_UNDECLARED_SELECTOR = YES;
				GCC_WARN_UNINITIALIZED_AUTOS = YES_AGGRESSIVE;
				GCC_WARN_UNUSED_FUNCTION = YES;
				GCC_WARN_UNUSED_VARIABLE = YES;
				IPHONEOS_DEPLOYMENT_TARGET = 16.4;
				MTL_ENABLE_DEBUG_INFO = NO;
				MTL_FAST_MATH = YES;
				SDKROOT = iphoneos;
				SWIFT_COMPILATION_MODE = wholemodule;
				SWIFT_OPTIMIZATION_LEVEL = "-O";
				VALIDATE_PRODUCT = YES;
			};
			name = Release;
		};
		5269E8F929FACCC1001D92B4 /* Debug */ = {
			isa = XCBuildConfiguration;
			buildSettings = {
				ASSETCATALOG_COMPILER_APPICON_NAME = AppIcon;
				ASSETCATALOG_COMPILER_GLOBAL_ACCENT_COLOR_NAME = AccentColor;
				CODE_SIGN_STYLE = Automatic;
				CURRENT_PROJECT_VERSION = 1;
				DEVELOPMENT_TEAM = M84T2Z2B4Q;
				GENERATE_INFOPLIST_FILE = YES;
				INFOPLIST_FILE = NineWest/Info.plist;
				INFOPLIST_KEY_UIApplicationSupportsIndirectInputEvents = YES;
				INFOPLIST_KEY_UILaunchStoryboardName = LaunchScreen;
				INFOPLIST_KEY_UIMainStoryboardFile = Main;
				INFOPLIST_KEY_UISupportedInterfaceOrientations_iPad = "UIInterfaceOrientationPortrait UIInterfaceOrientationPortraitUpsideDown UIInterfaceOrientationLandscapeLeft UIInterfaceOrientationLandscapeRight";
				INFOPLIST_KEY_UISupportedInterfaceOrientations_iPhone = "UIInterfaceOrientationPortrait UIInterfaceOrientationLandscapeLeft UIInterfaceOrientationLandscapeRight";
				LD_RUNPATH_SEARCH_PATHS = (
					"$(inherited)",
					"@executable_path/Frameworks",
				);
				MARKETING_VERSION = 1.0;
				PRODUCT_BUNDLE_IDENTIFIER = com.omernayir.NineWest;
				PRODUCT_NAME = "$(TARGET_NAME)";
				SWIFT_EMIT_LOC_STRINGS = YES;
				SWIFT_VERSION = 5.0;
				TARGETED_DEVICE_FAMILY = "1,2";
			};
			name = Debug;
		};
		5269E8FA29FACCC1001D92B4 /* Release */ = {
			isa = XCBuildConfiguration;
			buildSettings = {
				ASSETCATALOG_COMPILER_APPICON_NAME = AppIcon;
				ASSETCATALOG_COMPILER_GLOBAL_ACCENT_COLOR_NAME = AccentColor;
				CODE_SIGN_STYLE = Automatic;
				CURRENT_PROJECT_VERSION = 1;
				DEVELOPMENT_TEAM = M84T2Z2B4Q;
				GENERATE_INFOPLIST_FILE = YES;
				INFOPLIST_FILE = NineWest/Info.plist;
				INFOPLIST_KEY_UIApplicationSupportsIndirectInputEvents = YES;
				INFOPLIST_KEY_UILaunchStoryboardName = LaunchScreen;
				INFOPLIST_KEY_UIMainStoryboardFile = Main;
				INFOPLIST_KEY_UISupportedInterfaceOrientations_iPad = "UIInterfaceOrientationPortrait UIInterfaceOrientationPortraitUpsideDown UIInterfaceOrientationLandscapeLeft UIInterfaceOrientationLandscapeRight";
				INFOPLIST_KEY_UISupportedInterfaceOrientations_iPhone = "UIInterfaceOrientationPortrait UIInterfaceOrientationLandscapeLeft UIInterfaceOrientationLandscapeRight";
				LD_RUNPATH_SEARCH_PATHS = (
					"$(inherited)",
					"@executable_path/Frameworks",
				);
				MARKETING_VERSION = 1.0;
				PRODUCT_BUNDLE_IDENTIFIER = com.omernayir.NineWest;
				PRODUCT_NAME = "$(TARGET_NAME)";
				SWIFT_EMIT_LOC_STRINGS = YES;
				SWIFT_VERSION = 5.0;
				TARGETED_DEVICE_FAMILY = "1,2";
			};
			name = Release;
		};
/* End XCBuildConfiguration section */

/* Begin XCConfigurationList section */
		5269E8DF29FACCC0001D92B4 /* Build configuration list for PBXProject "NineWest" */ = {
			isa = XCConfigurationList;
			buildConfigurations = (
				5269E8F629FACCC1001D92B4 /* Debug */,
				5269E8F729FACCC1001D92B4 /* Release */,
			);
			defaultConfigurationIsVisible = 0;
			defaultConfigurationName = Release;
		};
		5269E8F829FACCC1001D92B4 /* Build configuration list for PBXNativeTarget "NineWest" */ = {
			isa = XCConfigurationList;
			buildConfigurations = (
				5269E8F929FACCC1001D92B4 /* Debug */,
				5269E8FA29FACCC1001D92B4 /* Release */,
			);
			defaultConfigurationIsVisible = 0;
			defaultConfigurationName = Release;
		};
/* End XCConfigurationList section */

/* Begin XCRemoteSwiftPackageReference section */
		52CE34DB2A1A291500EFE42E /* XCRemoteSwiftPackageReference "SnapKit" */ = {
			isa = XCRemoteSwiftPackageReference;
			repositoryURL = "https://github.com/SnapKit/SnapKit.git";
			requirement = {
				kind = upToNextMajorVersion;
				minimumVersion = 5.0.0;
			};
		};
/* End XCRemoteSwiftPackageReference section */

/* Begin XCSwiftPackageProductDependency section */
		52CE34DC2A1A291500EFE42E /* SnapKit */ = {
			isa = XCSwiftPackageProductDependency;
			package = 52CE34DB2A1A291500EFE42E /* XCRemoteSwiftPackageReference "SnapKit" */;
			productName = SnapKit;
		};
/* End XCSwiftPackageProductDependency section */
	};
	rootObject = 5269E8DC29FACCC0001D92B4 /* Project object */;
}
